
Microsoft Visual Studio Solution File, Format Version 12.00
# Visual Studio Version 17
VisualStudioVersion = 17.4.33213.308
MinimumVisualStudioVersion = 10.0.40219.1
Project("{FAE04EC0-301F-11D3-BF4B-00C04F79EFBC}") = "TicTacTo", "TicTacTo\TicTacTo.csproj", "{F4524345-2654-4D48-8FAE-F7A6F7DA620E}"
EndProject
Global
	GlobalSection(SolutionConfigurationPlatforms) = preSolution
		Debug|Any CPU = Debug|Any CPU
		Release|Any CPU = Release|Any CPU
	EndGlobalSection
	GlobalSection(ProjectConfigurationPlatforms) = postSolution
		{F4524345-2654-4D48-8FAE-F7A6F7DA620E}.Debug|Any CPU.ActiveCfg = Debug|Any CPU
		{F4524345-2654-4D48-8FAE-F7A6F7DA620E}.Debug|Any CPU.Build.0 = Debug|Any CPU
		{F4524345-2654-4D48-8FAE-F7A6F7DA620E}.Release|Any CPU.ActiveCfg = Release|Any CPU
		{F4524345-2654-4D48-8FAE-F7A6F7DA620E}.Release|Any CPU.Build.0 = Release|Any CPU
	EndGlobalSection
	GlobalSection(SolutionProperties) = preSolution
		HideSolutionNode = FALSE
	EndGlobalSection
	GlobalSection(ExtensibilityGlobals) = postSolution
		SolutionGuid = {C438B6D9-6D8A-4259-B942-97CF6761B30D}
	EndGlobalSection
EndGlobal
